{
    "_meta": {
        "hash": {
            "sha256": "c69cff3c145b4b9e7ffb060f27d91cec5aba7cd22d96cdcce0fdefba0ff2c4f8"
        },
        "pipfile-spec": 6,
        "requires": {
            "python_version": "3.6"
        },
        "sources": [
            {
                "name": "pypi",
                "url": "https://pypi.org/simple",
                "verify_ssl": true
            }
        ]
    },
    "default": {
        "certifi": {
            "hashes": [
                "sha256:35824b4c3a97115964b408844d64aa14db1cc518f6562e8d7261699d1350a9e3",
                "sha256:4ad3232f5e926d6718ec31cfc1fcadfde020920e278684144551c91769c7bc18"
            ],
            "index": "pypi",
            "version": "==2022.12.7"
        },
        "chardet": {
            "hashes": [
                "sha256:84ab92ed1c4d4f16916e05906b6b75a6c0fb5db821cc65e70cbd64a3e2a5eaae",
                "sha256:fc323ffcaeaed0e0a02bf4d117757b98aed530d9ed4531e3e15460124c106691"
            ],
            "version": "==3.0.4"
        },
        "crypto": {
            "hashes": [
                "sha256:8f2ee9756a0265c18845ac097ae447c75cfbde158abe1361b7491619f866a9bd",
                "sha256:985120aa86f71545388199f96a2a0e00f7ccfe5ecd14c56355eb399e1a63d164"
            ],
            "index": "pypi",
            "version": "==1.4.1"
        },
        "idna": {
            "hashes": [
                "sha256:156a6814fb5ac1fc6850fb002e0852d56c0c8d2531923a51032d1b70760e186e",
                "sha256:684a38a6f903c1d71d6d5fac066b58d7768af4de2b832e426ec79c30daa94a16"
            ],
            "version": "==2.7"
        },
        "math123": {
            "hashes": [
                "sha256:f5f365c21f5e12190d704360e409cc9e440898359680cf21ad373e6a6c8b006d"
            ],
            "index": "pypi",
            "version": "==0.4"
        },
        "naked": {
            "hashes": [
                "sha256:ea3d7eeada6b89bd8464ba0cfaa631867aaa68a3e2d5d6a6800cbe74f8941e5f",
                "sha256:f81015107e3aefdc801d7144fbae214bdf3cb179c0020a1dc6d5acb3659d5d5c"
            ],
            "version": "==0.1.32"
        },
        "pycryptodome": {
            "hashes": [
                "sha256:0f027d5da3f3c4c0167f3ccf4a1f56674248120656099df35098dfaf3edff0fb",
                "sha256:1e970715407a862b6b4c61f1a8c60734c0fa39f45d36dda46dbd0baf2d8caec2",
                "sha256:2652a86850d7873249c64365a61e1052934f1504f11b57dbe76c1a4dc9b5d593",
                "sha256:26953969934e09d49b2e370229ef262dd480b46130660086b22fea29df335dea",
                "sha256:31d2f9fa32fd651694dbae298682c1afa2337fa6454b32b241164c2ffe96e1c1",
                "sha256:53cd63d379224ea52d8ba2012fe8acf9eb682aa819c3a9a02397fe3e6b4315a4",
                "sha256:637bfc8bfb68d477619c54b56d912117abca05306a222ccf03dfc09ab6b4e5a4",
                "sha256:6b8a3753e31b058d48bdd26c50c049a04f35f0f05c0d866c63fc90fc9b8dc5d7",
                "sha256:7bd1c4671b3a2c8d647731e9c34115efa928ff12d0ef1bef68f0f7af984bc239",
                "sha256:7cb057b700d688bb37082b0086d061462dde18c1fbbe355615db87f3bf97ffa4",
                "sha256:7d7e07e885cee42b222ab190ea292f144aaf6e915ea3d1bf9e2f812fc2ad9f18",
                "sha256:80c55dd2246a17b4af18bd615711b90c8df4b780451692f627a38a636d0792ae",
                "sha256:864249afa1d801c7a2abb3fbed0e9e8ce4844a8f68daff8028a40634f69f0135",
                "sha256:927ce443c5183ee7738ce113ecf656842fafbad1d6f4ab726dc12abc8adabfad",
                "sha256:9dd8fb9d76fde52c01dcc6d24dc384ddb60ff6fb96216a58017dacc5580600e3",
                "sha256:abd859f70a9cad653644b0415adfe6223f708093296747970ec56a8f5537bfb3",
                "sha256:b3cb4af317d9b84f6df50f0cfa6840ba69556af637a83fd971537823e13d601a",
                "sha256:b4c5d98eb9608bf29b66504dba96494a9fac75b3c0c57dfb557f6e812989a3fe",
                "sha256:bc130342d9b6267efaa97ea305b9a46f59c097e95263a6d65abc7890331535e7",
                "sha256:c26f706a8b8e1e44076126bfe0319b7eb9038350d5b6ff55c86b2edb434b3e52",
                "sha256:c58539996e2acdb6c5554851cd1b333af889a6aadeb9865127e4bbc17d01ff53",
                "sha256:c899042914a780abfc01250d22f5674f60195b8149f161a6481b6f6b7aa81dee",
                "sha256:d0468c5c9944859c862d81621985d407097c08c0e18bb537883b9268c6e34bd1",
                "sha256:dfa339c6ef6a1f36642db0dd0d442207aa2a071caa122d744222f2a2832c530f",
                "sha256:e23b2e13580a4e2d35f7acba674b2b1d1fca9b20a5c0d8ffb98b8fe58c2e7107",
                "sha256:e4406a5141d6d5d19ee515ff6c69baf9a7a10006a8490e7447cbc8dcf61f9903",
                "sha256:ef50df5404b50109a13e46f4421ffe64a650104e2216e282a49662712b024dae",
                "sha256:f459395378709b7aa32bb6e59d55d72d48631840ed6c1c919f63036bd548f375",
                "sha256:fa99a0bcadef482300f5308bb9c0041d4f084b085dff0c908350de382df9f87d",
                "sha256:fbd0def77da8edd5293e5e3b534763861e1c3f4f645ef3602f718fd709536a77"
            ],
            "index": "pypi",
            "version": "==3.6.6"
        },
        "pycryptodomex": {
            "hashes": [
                "sha256:0cf562fc5e5ddbe935bb6162d84a7e46e19edba8ac6609587ab9e78dc7c527d4",
                "sha256:13b77b7a177a2fd0beb42db84b21d7d4ab646dfd223989a3b5fa6a6901075ae8",
                "sha256:1baf0d485853cfa8f87c969148dc040ae81a8de3dcaaeb07b3f40a90ab2ac637",
                "sha256:1dac67655206c92eabf827cc3c9f9efd35d699057f12185f01245b22e02db5f8",
                "sha256:1dc3abcb853e8b2188d0c8d624dbdc575a1f23ae82feb9a99e4a69b7064df81a",
                "sha256:24bf22fffba3a7c1132a039d95256ca9e5016798111c7bf7d0091bfddb0e0245",
                "sha256:26fde532deaed9781643be654b25fc899b97866b68e50bc015aadd442387c42b",
                "sha256:2958eceb671795ec4e5f2164e4ec5ddc1788fdf4f72b18390f548de5e11c9dcc",
                "sha256:34b3218fcdcd59c26de75c4ff8a15e6472e7b88f9e5b3b193cb1c001e7a0e815",
                "sha256:3f4d96cfa963960d190d3d6ef5e8f7c2c14815ff816999dff5efaa6bf7cd1134",
                "sha256:40063250911af6ec5b3ccc80108e7a3be9d1695dd3d17104a1930861cbdb78b7",
                "sha256:4b8669f4b3fa386696b9b0366e69898dd626b119eaead50ee3b2c59c56222272",
                "sha256:5144ad0df1009cce6d03b71c2e5843ed96be91ab746e58e8e64ef9bca5209bfe",
                "sha256:549d0a0884e60d876b975e18e791cf2aece077cb174f0d7d042982b5d36a6279",
                "sha256:5b365bc3da05fbc15acd6600d41f84fe8ed903400566bc0d1a0fadc862b41c8e",
                "sha256:6ab64112924be1905a22656166ec0eeeba275fb15c15adba6470bd030362e160",
                "sha256:a06e0e0965145cc0d625e1a031b49705aa2c6b4e16aa0044d4719fb1d639977f",
                "sha256:a472d2271cfb37940ad80c4698affeaf39552e4c19ceeac4d5290fe71519e3f4",
                "sha256:bfc315eef8cdae280e404df64cf71f8673abcc81e646699b15722f41b82a4ed7",
                "sha256:c1d4ea2382c1726ff65548f41dc79bd9d0345f3a47ba128768242eea470c6515",
                "sha256:c54d3d2e3b099dae61124d7476311ab594df7eeec305f612a5eb79226cf36b53",
                "sha256:d0d448484e161786922b41e112b5d7cf76ef5f0c725ea5107ef866bb14a38b12",
                "sha256:ddf10a2a071ae749158d8fdad0cbc78f6197219721afa91e0752dd999fddf422",
                "sha256:e0cc6ec20e6dfce1a6715ce60d71df3e9491461d525980821f71223026950b0e",
                "sha256:e5fcb23f936912b6cfb475c7b115aa2e31b7fed409bc947c6190503d9f7d0338",
                "sha256:e76d0148ffa5b86f1bcb111bd3950bc61fd50bed8b6b1cf9f5e56784378b55b6",
                "sha256:ea09a059e4cf3d99a446f0a80ac9be54802542226cdbf8ffeea79a6ddc77f310",
                "sha256:f5844faf085ad3d92fb94d07347c69f193c0bd1f32843329c2a422addeb042c9",
                "sha256:f8478a443bb747c2ef1d508a09eeb57ff8c2ebbd8ea0e6e2351d483c23e725b3",
                "sha256:ff31cb6cd69c6683bd44e99bc4f36cb74a338cee58a3a9c5c19a8ee4bdd2f3b2"
            ],
            "index": "pypi",
            "version": "==3.6.6"
        },
        "pyyaml": {
            "hashes": [
                "sha256:01b45c0191e6d66c470b6cf1b9531a771a83c1c4208272ead47a3ae4f2f603bf",
                "sha256:0283c35a6a9fbf047493e3a0ce8d79ef5030852c51e9d911a27badfde0605293",
                "sha256:055d937d65826939cb044fc8c9b08889e8c743fdc6a32b33e2390f66013e449b",
                "sha256:07751360502caac1c067a8132d150cf3d61339af5691fe9e87803040dbc5db57",
                "sha256:0b4624f379dab24d3725ffde76559cff63d9ec94e1736b556dacdfebe5ab6d4b",
                "sha256:0ce82d761c532fe4ec3f87fc45688bdd3a4c1dc5e0b4a19814b9009a29baefd4",
                "sha256:1e4747bc279b4f613a09eb64bba2ba602d8a6664c6ce6396a4d0cd413a50ce07",
                "sha256:213c60cd50106436cc818accf5baa1aba61c0189ff610f64f4a3e8c6726218ba",
                "sha256:231710d57adfd809ef5d34183b8ed1eeae3f76459c18fb4a0b373ad56bedcdd9",
                "sha256:277a0ef2981ca40581a47093e9e2d13b3f1fbbeffae064c1d21bfceba2030287",
                "sha256:2cd5df3de48857ed0544b34e2d40e9fac445930039f3cfe4bcc592a1f836d513",
                "sha256:40527857252b61eacd1d9af500c3337ba8deb8fc298940291486c465c8b46ec0",
                "sha256:432557aa2c09802be39460360ddffd48156e30721f5e8d917f01d31694216782",
                "sha256:473f9edb243cb1935ab5a084eb238d842fb8f404ed2193a915d1784b5a6b5fc0",
                "sha256:48c346915c114f5fdb3ead70312bd042a953a8ce5c7106d5bfb1a5254e47da92",
                "sha256:50602afada6d6cbfad699b0c7bb50d5ccffa7e46a3d738092afddc1f9758427f",
                "sha256:68fb519c14306fec9720a2a5b45bc9f0c8d1b9c72adf45c37baedfcd949c35a2",
                "sha256:77f396e6ef4c73fdc33a9157446466f1cff553d979bd00ecb64385760c6babdc",
                "sha256:81957921f441d50af23654aa6c5e5eaf9b06aba7f0a19c18a538dc7ef291c5a1",
                "sha256:819b3830a1543db06c4d4b865e70ded25be52a2e0631ccd2f6a47a2822f2fd7c",
                "sha256:897b80890765f037df3403d22bab41627ca8811ae55e9a722fd0392850ec4d86",
                "sha256:98c4d36e99714e55cfbaaee6dd5badbc9a1ec339ebfc3b1f52e293aee6bb71a4",
                "sha256:9df7ed3b3d2e0ecfe09e14741b857df43adb5a3ddadc919a2d94fbdf78fea53c",
                "sha256:9fa600030013c4de8165339db93d182b9431076eb98eb40ee068700c9c813e34",
                "sha256:a80a78046a72361de73f8f395f1f1e49f956c6be882eed58505a15f3e430962b",
                "sha256:afa17f5bc4d1b10afd4466fd3a44dc0e245382deca5b3c353d8b757f9e3ecb8d",
                "sha256:b3d267842bf12586ba6c734f89d1f5b871df0273157918b0ccefa29deb05c21c",
                "sha256:b5b9eccad747aabaaffbc6064800670f0c297e52c12754eb1d976c57e4f74dcb",
                "sha256:bfaef573a63ba8923503d27530362590ff4f576c626d86a9fed95822a8255fd7",
                "sha256:c5687b8d43cf58545ade1fe3e055f70eac7a5a1a0bf42824308d868289a95737",
                "sha256:cba8c411ef271aa037d7357a2bc8f9ee8b58b9965831d9e51baf703280dc73d3",
                "sha256:d15a181d1ecd0d4270dc32edb46f7cb7733c7c508857278d3d378d14d606db2d",
                "sha256:d4b0ba9512519522b118090257be113b9468d804b19d63c71dbcf4a48fa32358",
                "sha256:d4db7c7aef085872ef65a8fd7d6d09a14ae91f691dec3e87ee5ee0539d516f53",
                "sha256:d4eccecf9adf6fbcc6861a38015c2a64f38b9d94838ac1810a9023a0609e1b78",
                "sha256:d67d839ede4ed1b28a4e8909735fc992a923cdb84e618544973d7dfc71540803",
                "sha256:daf496c58a8c52083df09b80c860005194014c3698698d1a57cbcfa182142a3a",
                "sha256:dbad0e9d368bb989f4515da330b88a057617d16b6a8245084f1b05400f24609f",
                "sha256:e61ceaab6f49fb8bdfaa0f92c4b57bcfbea54c09277b1b4f7ac376bfb7a7c174",
                "sha256:f84fbc98b019fef2ee9a1cb3ce93e3187a6df0b2538a651bfb890254ba9f90b5"
            ],
            "markers": "python_version >= '3.6'",
            "version": "==6.0"
        },
        "requests": {
            "hashes": [
                "sha256:63b52e3c866428a224f97cab011de738c36aec0185aa91cfacd418b5d58911d1",
                "sha256:ec22d826a36ed72a7358ff3fe56cbd4ba69dd7a6718ffd450ff0e9df7a47ce6a"
            ],
            "index": "pypi",
            "version": "==2.19.1"
        },
        "shellescape": {
            "hashes": [
                "sha256:40b310b30479be771bf3ab28bd8d40753778488bd46ea0969ba0b35038c3ec26",
                "sha256:f17127e390fa3f9aaa80c69c16ea73615fd9b5318fd8309c1dca6168ae7d85bf"
            ],
            "version": "==3.8.1"
        },
        "urllib3": {
            "hashes": [
                "sha256:a68ac5e15e76e7e5dd2b8f94007233e01effe3e50e8daddf69acfd81cb686baf",
                "sha256:b5725a0bd4ba422ab0e66e89e030c806576753ea3ee08554382c14e685d117b5"
            ],
            "markers": "python_version >= '2.6' and python_version not in '3.0, 3.1, 3.2, 3.3' and python_version < '4'",
            "version": "==1.23"
        }
    },
    "develop": {}
}
